{
  "name": "TypeScript",
  "version": "1.0.0",
  "lockfileVersion": 1,
  "requires": true,
  "dependencies": {
    "@types/cheerio": {
      "version": "0.22.18",
      "resolved": "https://registry.npmjs.org/@types/cheerio/-/cheerio-0.22.18.tgz",
      "integrity": "sha512-Fq7R3fINAPSdUEhOyjG4iVxgHrOnqDJbY0/BUuiN0pvD/rfmZWekVZnv+vcs8TtpA2XF50uv50LaE4EnpEL/Hw==",
      "dev": true,
      "requires": {
        "@types/node": "*"
      }
    },
    "@types/node": {
      "version": "14.0.14",
      "resolved": "https://registry.npmjs.org/@types/node/-/node-14.0.14.tgz",
      "integrity": "sha512-syUgf67ZQpaJj01/tRTknkMNoBBLWJOBODF0Zm4NrXmiSuxjymFrxnTu1QVYRubhVkRcZLYZG8STTwJRdVm/WQ==",
      "dev": true
    }
  }
}
